
Microsoft Visual Studio Solution File, Format Version 12.00
# Visual Studio Version 16
VisualStudioVersion = 16.0.31321.278
MinimumVisualStudioVersion = 10.0.40219.1
Project("{FAE04EC0-301F-11D3-BF4B-00C04F79EFBC}") = "StudingLINQ", "StudingLINQ.csproj", "{E3DB7D3D-3402-48AB-BC6A-B6B07760FC1E}"
EndProject
Global
	GlobalSection(SolutionConfigurationPlatforms) = preSolution
		Debug|Any CPU = Debug|Any CPU
		Release|Any CPU = Release|Any CPU
	EndGlobalSection
	GlobalSection(ProjectConfigurationPlatforms) = postSolution
		{E3DB7D3D-3402-48AB-BC6A-B6B07760FC1E}.Debug|Any CPU.ActiveCfg = Debug|Any CPU
		{E3DB7D3D-3402-48AB-BC6A-B6B07760FC1E}.Debug|Any CPU.Build.0 = Debug|Any CPU
		{E3DB7D3D-3402-48AB-BC6A-B6B07760FC1E}.Release|Any CPU.ActiveCfg = Release|Any CPU
		{E3DB7D3D-3402-48AB-BC6A-B6B07760FC1E}.Release|Any CPU.Build.0 = Release|Any CPU
	EndGlobalSection
	GlobalSection(SolutionProperties) = preSolution
		HideSolutionNode = FALSE
	EndGlobalSection
	GlobalSection(ExtensibilityGlobals) = postSolution
		SolutionGuid = {F4268122-8674-4EB5-9DF2-3611D87404DB}
	EndGlobalSection
EndGlobal
